{
  "object": {
    "pins": [
      {
        "package": "TDLibFramework",
        "repositoryURL": "https://github.com/moderato-app/TDLibFramework",
        "state": {
          "branch": null,
          "revision": "2027ebc517726edbc81f58c762ea1ab7b549ef11",
          "version": "1.8.49-84a35e5a"
        }
      }
    ]
  },
  "version": 1
}
