{
  "object": {
    "pins": [
      {
        "package": "TDLibFramework",
        "repositoryURL": "https://github.com/moderato-app/TDLibFramework",
        "state": {
          "branch": null,
          "revision": "839b0724ee0cdc97370e66b519c5736a81581440",
          "version": "1.8.48-b6303f0c"
        }
      }
    ]
  },
  "version": 1
}
