{
  "object": {
    "pins": [
      {
        "package": "TDLibFramework",
        "repositoryURL": "https://github.com/Swiftgram/TDLibFramework",
        "state": {
          "branch": null,
          "revision": "79335b7258e5162778b7dab599a5c25159d8736b",
          "version": "1.8.48-b6303f0c"
        }
      }
    ]
  },
  "version": 1
}
